
Microsoft Visual Studio Solution File, Format Version 12.00
# Visual Studio 14
VisualStudioVersion = 14.0.25420.1
MinimumVisualStudioVersion = 10.0.40219.1
Project("{FAE04EC0-301F-11D3-BF4B-00C04F79EFBC}") = "VkPhotos", "VkPhotos\VkPhotos.csproj", "{983E57FE-9D82-4CEE-A69C-D86D990F6DFD}"
EndProject
Project("{FAE04EC0-301F-11D3-BF4B-00C04F79EFBC}") = "Venz.Core", "..\Venz\Venz.Core\Venz.Core.csproj", "{C830A03C-B521-4355-A5FD-0DBB807E5011}"
EndProject
Project("{FAE04EC0-301F-11D3-BF4B-00C04F79EFBC}") = "Venz.Extensions", "..\Venz\Venz.Extensions\Venz.Extensions.csproj", "{D3688FB8-F143-45F2-ABFE-661B0310A438}"
EndProject
Project("{FAE04EC0-301F-11D3-BF4B-00C04F79EFBC}") = "Venz.Telemetry", "..\Venz\Venz.Telemetry\Venz.Telemetry.csproj", "{DC25EAD9-6476-41E3-BD13-4C81CAF1E0EC}"
EndProject
Project("{FAE04EC0-301F-11D3-BF4B-00C04F79EFBC}") = "Venz.Telemetry.Yandex", "..\Venz\Venz.Telemetry.Yandex\Venz.Telemetry.Yandex.csproj", "{5420322C-C60B-41FA-B647-BAF5A51EE8B8}"
EndProject
Project("{FAE04EC0-301F-11D3-BF4B-00C04F79EFBC}") = "Venz.Images", "..\Venz\Venz.Images\Venz.Images.csproj", "{BB268743-337D-4A5B-960C-F6C675D25696}"
EndProject
Project("{FAE04EC0-301F-11D3-BF4B-00C04F79EFBC}") = "Venz.Windows", "..\Venz\Venz.Windows\Venz.Windows.csproj", "{2990A006-E25C-4617-983A-6F901457359D}"
EndProject
Project("{FAE04EC0-301F-11D3-BF4B-00C04F79EFBC}") = "Venz.Async", "..\Venz\Venz.Async\Venz.Async.csproj", "{6E56E5AD-1E78-48B7-9D43-B67667037F23}"
EndProject
Project("{D954291E-2A0B-460D-934E-DC6B0785DB48}") = "Venz.UI.Xaml.Controls", "..\Venz\Venz.UI.Xaml.Controls\Venz.UI.Xaml.Controls.shproj", "{F7FA9FD0-88D5-4A56-991E-69B2402B162C}"
EndProject
Project("{FAE04EC0-301F-11D3-BF4B-00C04F79EFBC}") = "Venz.UwpBridge", "..\Venz\Venz.UwpBridge\Venz.UwpBridge.csproj", "{BD1C94B4-78C9-45C6-B44B-78137CE84458}"
EndProject
Global
	GlobalSection(SharedMSBuildProjectFiles) = preSolution
		..\Venz\Venz.UI.Xaml.Controls\Venz.UI.Xaml.Controls.projitems*{983e57fe-9d82-4cee-a69c-d86d990f6dfd}*SharedItemsImports = 4
		..\Venz\Venz.UI.Xaml.Controls\Venz.UI.Xaml.Controls.projitems*{f7fa9fd0-88d5-4a56-991e-69b2402b162c}*SharedItemsImports = 13
	EndGlobalSection
	GlobalSection(SolutionConfigurationPlatforms) = preSolution
		Debug|Any CPU = Debug|Any CPU
		Debug|ARM = Debug|ARM
		Debug|x86 = Debug|x86
		Release|Any CPU = Release|Any CPU
		Release|ARM = Release|ARM
		Release|x86 = Release|x86
	EndGlobalSection
	GlobalSection(ProjectConfigurationPlatforms) = postSolution
		{983E57FE-9D82-4CEE-A69C-D86D990F6DFD}.Debug|Any CPU.ActiveCfg = Debug|Any CPU
		{983E57FE-9D82-4CEE-A69C-D86D990F6DFD}.Debug|Any CPU.Build.0 = Debug|Any CPU
		{983E57FE-9D82-4CEE-A69C-D86D990F6DFD}.Debug|Any CPU.Deploy.0 = Debug|Any CPU
		{983E57FE-9D82-4CEE-A69C-D86D990F6DFD}.Debug|ARM.ActiveCfg = Debug|ARM
		{983E57FE-9D82-4CEE-A69C-D86D990F6DFD}.Debug|ARM.Build.0 = Debug|ARM
		{983E57FE-9D82-4CEE-A69C-D86D990F6DFD}.Debug|ARM.Deploy.0 = Debug|ARM
		{983E57FE-9D82-4CEE-A69C-D86D990F6DFD}.Debug|x86.ActiveCfg = Debug|x86
		{983E57FE-9D82-4CEE-A69C-D86D990F6DFD}.Debug|x86.Build.0 = Debug|x86
		{983E57FE-9D82-4CEE-A69C-D86D990F6DFD}.Debug|x86.Deploy.0 = Debug|x86
		{983E57FE-9D82-4CEE-A69C-D86D990F6DFD}.Release|Any CPU.ActiveCfg = Release|Any CPU
		{983E57FE-9D82-4CEE-A69C-D86D990F6DFD}.Release|Any CPU.Build.0 = Release|Any CPU
		{983E57FE-9D82-4CEE-A69C-D86D990F6DFD}.Release|Any CPU.Deploy.0 = Release|Any CPU
		{983E57FE-9D82-4CEE-A69C-D86D990F6DFD}.Release|ARM.ActiveCfg = Release|ARM
		{983E57FE-9D82-4CEE-A69C-D86D990F6DFD}.Release|ARM.Build.0 = Release|ARM
		{983E57FE-9D82-4CEE-A69C-D86D990F6DFD}.Release|ARM.Deploy.0 = Release|ARM
		{983E57FE-9D82-4CEE-A69C-D86D990F6DFD}.Release|x86.ActiveCfg = Release|x86
		{983E57FE-9D82-4CEE-A69C-D86D990F6DFD}.Release|x86.Build.0 = Release|x86
		{983E57FE-9D82-4CEE-A69C-D86D990F6DFD}.Release|x86.Deploy.0 = Release|x86
		{C830A03C-B521-4355-A5FD-0DBB807E5011}.Debug|Any CPU.ActiveCfg = Debug|Any CPU
		{C830A03C-B521-4355-A5FD-0DBB807E5011}.Debug|Any CPU.Build.0 = Debug|Any CPU
		{C830A03C-B521-4355-A5FD-0DBB807E5011}.Debug|ARM.ActiveCfg = Debug|ARM
		{C830A03C-B521-4355-A5FD-0DBB807E5011}.Debug|ARM.Build.0 = Debug|ARM
		{C830A03C-B521-4355-A5FD-0DBB807E5011}.Debug|x86.ActiveCfg = Debug|x86
		{C830A03C-B521-4355-A5FD-0DBB807E5011}.Debug|x86.Build.0 = Debug|x86
		{C830A03C-B521-4355-A5FD-0DBB807E5011}.Release|Any CPU.ActiveCfg = Release|Any CPU
		{C830A03C-B521-4355-A5FD-0DBB807E5011}.Release|Any CPU.Build.0 = Release|Any CPU
		{C830A03C-B521-4355-A5FD-0DBB807E5011}.Release|ARM.ActiveCfg = Release|ARM
		{C830A03C-B521-4355-A5FD-0DBB807E5011}.Release|ARM.Build.0 = Release|ARM
		{C830A03C-B521-4355-A5FD-0DBB807E5011}.Release|x86.ActiveCfg = Release|x86
		{C830A03C-B521-4355-A5FD-0DBB807E5011}.Release|x86.Build.0 = Release|x86
		{D3688FB8-F143-45F2-ABFE-661B0310A438}.Debug|Any CPU.ActiveCfg = Debug|Any CPU
		{D3688FB8-F143-45F2-ABFE-661B0310A438}.Debug|Any CPU.Build.0 = Debug|Any CPU
		{D3688FB8-F143-45F2-ABFE-661B0310A438}.Debug|ARM.ActiveCfg = Debug|ARM
		{D3688FB8-F143-45F2-ABFE-661B0310A438}.Debug|ARM.Build.0 = Debug|ARM
		{D3688FB8-F143-45F2-ABFE-661B0310A438}.Debug|x86.ActiveCfg = Debug|x86
		{D3688FB8-F143-45F2-ABFE-661B0310A438}.Debug|x86.Build.0 = Debug|x86
		{D3688FB8-F143-45F2-ABFE-661B0310A438}.Release|Any CPU.ActiveCfg = Release|Any CPU
		{D3688FB8-F143-45F2-ABFE-661B0310A438}.Release|Any CPU.Build.0 = Release|Any CPU
		{D3688FB8-F143-45F2-ABFE-661B0310A438}.Release|ARM.ActiveCfg = Release|ARM
		{D3688FB8-F143-45F2-ABFE-661B0310A438}.Release|ARM.Build.0 = Release|ARM
		{D3688FB8-F143-45F2-ABFE-661B0310A438}.Release|x86.ActiveCfg = Release|x86
		{D3688FB8-F143-45F2-ABFE-661B0310A438}.Release|x86.Build.0 = Release|x86
		{DC25EAD9-6476-41E3-BD13-4C81CAF1E0EC}.Debug|Any CPU.ActiveCfg = Debug|Any CPU
		{DC25EAD9-6476-41E3-BD13-4C81CAF1E0EC}.Debug|Any CPU.Build.0 = Debug|Any CPU
		{DC25EAD9-6476-41E3-BD13-4C81CAF1E0EC}.Debug|ARM.ActiveCfg = Debug|ARM
		{DC25EAD9-6476-41E3-BD13-4C81CAF1E0EC}.Debug|ARM.Build.0 = Debug|ARM
		{DC25EAD9-6476-41E3-BD13-4C81CAF1E0EC}.Debug|x86.ActiveCfg = Debug|x86
		{DC25EAD9-6476-41E3-BD13-4C81CAF1E0EC}.Debug|x86.Build.0 = Debug|x86
		{DC25EAD9-6476-41E3-BD13-4C81CAF1E0EC}.Release|Any CPU.ActiveCfg = Release|Any CPU
		{DC25EAD9-6476-41E3-BD13-4C81CAF1E0EC}.Release|Any CPU.Build.0 = Release|Any CPU
		{DC25EAD9-6476-41E3-BD13-4C81CAF1E0EC}.Release|ARM.ActiveCfg = Release|ARM
		{DC25EAD9-6476-41E3-BD13-4C81CAF1E0EC}.Release|ARM.Build.0 = Release|ARM
		{DC25EAD9-6476-41E3-BD13-4C81CAF1E0EC}.Release|x86.ActiveCfg = Release|x86
		{DC25EAD9-6476-41E3-BD13-4C81CAF1E0EC}.Release|x86.Build.0 = Release|x86
		{5420322C-C60B-41FA-B647-BAF5A51EE8B8}.Debug|Any CPU.ActiveCfg = Debug|Any CPU
		{5420322C-C60B-41FA-B647-BAF5A51EE8B8}.Debug|Any CPU.Build.0 = Debug|Any CPU
		{5420322C-C60B-41FA-B647-BAF5A51EE8B8}.Debug|ARM.ActiveCfg = Debug|ARM
		{5420322C-C60B-41FA-B647-BAF5A51EE8B8}.Debug|ARM.Build.0 = Debug|ARM
		{5420322C-C60B-41FA-B647-BAF5A51EE8B8}.Debug|x86.ActiveCfg = Debug|x86
		{5420322C-C60B-41FA-B647-BAF5A51EE8B8}.Debug|x86.Build.0 = Debug|x86
		{5420322C-C60B-41FA-B647-BAF5A51EE8B8}.Release|Any CPU.ActiveCfg = Release|Any CPU
		{5420322C-C60B-41FA-B647-BAF5A51EE8B8}.Release|Any CPU.Build.0 = Release|Any CPU
		{5420322C-C60B-41FA-B647-BAF5A51EE8B8}.Release|ARM.ActiveCfg = Release|ARM
		{5420322C-C60B-41FA-B647-BAF5A51EE8B8}.Release|ARM.Build.0 = Release|ARM
		{5420322C-C60B-41FA-B647-BAF5A51EE8B8}.Release|x86.ActiveCfg = Release|x86
		{5420322C-C60B-41FA-B647-BAF5A51EE8B8}.Release|x86.Build.0 = Release|x86
		{BB268743-337D-4A5B-960C-F6C675D25696}.Debug|Any CPU.ActiveCfg = Debug|Any CPU
		{BB268743-337D-4A5B-960C-F6C675D25696}.Debug|Any CPU.Build.0 = Debug|Any CPU
		{BB268743-337D-4A5B-960C-F6C675D25696}.Debug|ARM.ActiveCfg = Debug|ARM
		{BB268743-337D-4A5B-960C-F6C675D25696}.Debug|ARM.Build.0 = Debug|ARM
		{BB268743-337D-4A5B-960C-F6C675D25696}.Debug|x86.ActiveCfg = Debug|x86
		{BB268743-337D-4A5B-960C-F6C675D25696}.Debug|x86.Build.0 = Debug|x86
		{BB268743-337D-4A5B-960C-F6C675D25696}.Release|Any CPU.ActiveCfg = Release|Any CPU
		{BB268743-337D-4A5B-960C-F6C675D25696}.Release|Any CPU.Build.0 = Release|Any CPU
		{BB268743-337D-4A5B-960C-F6C675D25696}.Release|ARM.ActiveCfg = Release|ARM
		{BB268743-337D-4A5B-960C-F6C675D25696}.Release|ARM.Build.0 = Release|ARM
		{BB268743-337D-4A5B-960C-F6C675D25696}.Release|x86.ActiveCfg = Release|x86
		{BB268743-337D-4A5B-960C-F6C675D25696}.Release|x86.Build.0 = Release|x86
		{2990A006-E25C-4617-983A-6F901457359D}.Debug|Any CPU.ActiveCfg = Debug|Any CPU
		{2990A006-E25C-4617-983A-6F901457359D}.Debug|Any CPU.Build.0 = Debug|Any CPU
		{2990A006-E25C-4617-983A-6F901457359D}.Debug|ARM.ActiveCfg = Debug|ARM
		{2990A006-E25C-4617-983A-6F901457359D}.Debug|ARM.Build.0 = Debug|ARM
		{2990A006-E25C-4617-983A-6F901457359D}.Debug|x86.ActiveCfg = Debug|x86
		{2990A006-E25C-4617-983A-6F901457359D}.Debug|x86.Build.0 = Debug|x86
		{2990A006-E25C-4617-983A-6F901457359D}.Release|Any CPU.ActiveCfg = Release|Any CPU
		{2990A006-E25C-4617-983A-6F901457359D}.Release|Any CPU.Build.0 = Release|Any CPU
		{2990A006-E25C-4617-983A-6F901457359D}.Release|ARM.ActiveCfg = Release|ARM
		{2990A006-E25C-4617-983A-6F901457359D}.Release|ARM.Build.0 = Release|ARM
		{2990A006-E25C-4617-983A-6F901457359D}.Release|x86.ActiveCfg = Release|x86
		{2990A006-E25C-4617-983A-6F901457359D}.Release|x86.Build.0 = Release|x86
		{6E56E5AD-1E78-48B7-9D43-B67667037F23}.Debug|Any CPU.ActiveCfg = Debug|Any CPU
		{6E56E5AD-1E78-48B7-9D43-B67667037F23}.Debug|Any CPU.Build.0 = Debug|Any CPU
		{6E56E5AD-1E78-48B7-9D43-B67667037F23}.Debug|ARM.ActiveCfg = Debug|ARM
		{6E56E5AD-1E78-48B7-9D43-B67667037F23}.Debug|ARM.Build.0 = Debug|ARM
		{6E56E5AD-1E78-48B7-9D43-B67667037F23}.Debug|x86.ActiveCfg = Debug|x86
		{6E56E5AD-1E78-48B7-9D43-B67667037F23}.Debug|x86.Build.0 = Debug|x86
		{6E56E5AD-1E78-48B7-9D43-B67667037F23}.Release|Any CPU.ActiveCfg = Release|Any CPU
		{6E56E5AD-1E78-48B7-9D43-B67667037F23}.Release|Any CPU.Build.0 = Release|Any CPU
		{6E56E5AD-1E78-48B7-9D43-B67667037F23}.Release|ARM.ActiveCfg = Release|ARM
		{6E56E5AD-1E78-48B7-9D43-B67667037F23}.Release|ARM.Build.0 = Release|ARM
		{6E56E5AD-1E78-48B7-9D43-B67667037F23}.Release|x86.ActiveCfg = Release|x86
		{6E56E5AD-1E78-48B7-9D43-B67667037F23}.Release|x86.Build.0 = Release|x86
		{BD1C94B4-78C9-45C6-B44B-78137CE84458}.Debug|Any CPU.ActiveCfg = Debug|Any CPU
		{BD1C94B4-78C9-45C6-B44B-78137CE84458}.Debug|Any CPU.Build.0 = Debug|Any CPU
		{BD1C94B4-78C9-45C6-B44B-78137CE84458}.Debug|ARM.ActiveCfg = Debug|ARM
		{BD1C94B4-78C9-45C6-B44B-78137CE84458}.Debug|ARM.Build.0 = Debug|ARM
		{BD1C94B4-78C9-45C6-B44B-78137CE84458}.Debug|x86.ActiveCfg = Debug|x86
		{BD1C94B4-78C9-45C6-B44B-78137CE84458}.Debug|x86.Build.0 = Debug|x86
		{BD1C94B4-78C9-45C6-B44B-78137CE84458}.Release|Any CPU.ActiveCfg = Release|Any CPU
		{BD1C94B4-78C9-45C6-B44B-78137CE84458}.Release|Any CPU.Build.0 = Release|Any CPU
		{BD1C94B4-78C9-45C6-B44B-78137CE84458}.Release|ARM.ActiveCfg = Release|ARM
		{BD1C94B4-78C9-45C6-B44B-78137CE84458}.Release|ARM.Build.0 = Release|ARM
		{BD1C94B4-78C9-45C6-B44B-78137CE84458}.Release|x86.ActiveCfg = Release|x86
		{BD1C94B4-78C9-45C6-B44B-78137CE84458}.Release|x86.Build.0 = Release|x86
	EndGlobalSection
	GlobalSection(SolutionProperties) = preSolution
		HideSolutionNode = FALSE
	EndGlobalSection
EndGlobal
